
Microsoft Visual Studio Solution File, Format Version 12.00
# Visual Studio Version 16
VisualStudioVersion = 16.0.30011.22
MinimumVisualStudioVersion = 10.0.40219.1
Project("{FAE04EC0-301F-11D3-BF4B-00C04F79EFBC}") = "ApiConsumer", "ApiConsumer\ApiConsumer.csproj", "{6B57E547-4ABE-451F-893C-A18D400EFF6E}"
EndProject
Global
	GlobalSection(SolutionConfigurationPlatforms) = preSolution
		Debug|Any CPU = Debug|Any CPU
		Release|Any CPU = Release|Any CPU
	EndGlobalSection
	GlobalSection(ProjectConfigurationPlatforms) = postSolution
		{6B57E547-4ABE-451F-893C-A18D400EFF6E}.Debug|Any CPU.ActiveCfg = Debug|Any CPU
		{6B57E547-4ABE-451F-893C-A18D400EFF6E}.Debug|Any CPU.Build.0 = Debug|Any CPU
		{6B57E547-4ABE-451F-893C-A18D400EFF6E}.Release|Any CPU.ActiveCfg = Release|Any CPU
		{6B57E547-4ABE-451F-893C-A18D400EFF6E}.Release|Any CPU.Build.0 = Release|Any CPU
	EndGlobalSection
	GlobalSection(SolutionProperties) = preSolution
		HideSolutionNode = FALSE
	EndGlobalSection
	GlobalSection(ExtensibilityGlobals) = postSolution
		SolutionGuid = {977B770E-507E-41F3-BDF9-AA7EE6139131}
	EndGlobalSection
EndGlobal
